// !$*UTF8*$!
{
	archiveVersion = 1;
	classes = {
	};
	objectVersion = 46;
	objects = {

/* Begin PBXBuildFile section */
		1DDD58160DA1D0A300B32029 /* MainMenu.xib in Resources */ = {isa = PBXBuildFile; fileRef = 1DDD58140DA1D0A300B32029 /* MainMenu.xib */; };
		8D11072B0486CEB800E47090 /* InfoPlist.strings in Resources */ = {isa = PBXBuildFile; fileRef = 089C165CFE840E0CC02AAC07 /* InfoPlist.strings */; };
		8D11072D0486CEB800E47090 /* main.m in Sources */ = {isa = PBXBuildFile; fileRef = 29B97316FDCFA39411CA2CEA /* main.m */; settings = {ATTRIBUTES = (); }; };
		8D11072F0486CEB800E47090 /* Cocoa.framework in Frameworks */ = {isa = PBXBuildFile; fileRef = 1058C7A1FEA54F0111CA2CBB /* Cocoa.framework */; };
		D457A1691966F28E00B78A0C /* PTHotKey.framework in Frameworks */ = {isa = PBXBuildFile; fileRef = D457A1661966F27D00B78A0C /* PTHotKey.framework */; };
		D457A16A1966F28E00B78A0C /* ShortcutRecorder.framework in Frameworks */ = {isa = PBXBuildFile; fileRef = D457A1641966F27D00B78A0C /* ShortcutRecorder.framework */; };
		D457A16B1966F29400B78A0C /* ShortcutRecorder.framework in CopyFiles */ = {isa = PBXBuildFile; fileRef = D457A1641966F27D00B78A0C /* ShortcutRecorder.framework */; };
		D457A16C1966F29400B78A0C /* PTHotKey.framework in CopyFiles */ = {isa = PBXBuildFile; fileRef = D457A1661966F27D00B78A0C /* PTHotKey.framework */; };
		D48BF30B0FCB331500D8ED65 /* GRAreaSelectionView.m in Sources */ = {isa = PBXBuildFile; fileRef = D48BF30A0FCB331500D8ED65 /* GRAreaSelectionView.m */; };
		D48BF31C0FCB347800D8ED65 /* GRController.m in Sources */ = {isa = PBXBuildFile; fileRef = D48BF31A0FCB347800D8ED65 /* GRController.m */; };
		D48BF3380FCB389B00D8ED65 /* GRWindowController.m in Sources */ = {isa = PBXBuildFile; fileRef = D48BF3370FCB389B00D8ED65 /* GRWindowController.m */; };
		D48BF33E0FCB3AFE00D8ED65 /* GRWindow.xib in Resources */ = {isa = PBXBuildFile; fileRef = D48BF33C0FCB3AFE00D8ED65 /* GRWindow.xib */; };
		D48BF4510FCE2A1500D8ED65 /* Carbon.framework in Frameworks */ = {isa = PBXBuildFile; fileRef = D48BF4500FCE2A1500D8ED65 /* Carbon.framework */; };
		D4AB67B61431B1FA00DC9FF0 /* GRPreferencesController.m in Sources */ = {isa = PBXBuildFile; fileRef = D4AB67B51431B1FA00DC9FF0 /* GRPreferencesController.m */; };
		D4AB67CA1432E2E600DC9FF0 /* Grid.icns in Resources */ = {isa = PBXBuildFile; fileRef = D4AB67C91432E2E600DC9FF0 /* Grid.icns */; };
		D4AB67D81435D90E00DC9FF0 /* GRStatusItemController.m in Sources */ = {isa = PBXBuildFile; fileRef = D4AB67D71435D90E00DC9FF0 /* GRStatusItemController.m */; };
		D4AB67DA1435DADE00DC9FF0 /* GRStatusItem.png in Resources */ = {isa = PBXBuildFile; fileRef = D4AB67D91435DADE00DC9FF0 /* GRStatusItem.png */; };
		D4AB67E5143B59D700DC9FF0 /* GridHelp in Resources */ = {isa = PBXBuildFile; fileRef = D4AB67E4143B59D700DC9FF0 /* GridHelp */; };
		D4AFE93816A5026B00C34693 /* Haxcessibility.framework in Frameworks */ = {isa = PBXBuildFile; fileRef = D4AFE93716A501DE00C34693 /* Haxcessibility.framework */; };
		D4AFE93C16A5028E00C34693 /* Haxcessibility.framework in CopyFiles */ = {isa = PBXBuildFile; fileRef = D4AFE93716A501DE00C34693 /* Haxcessibility.framework */; };
/* End PBXBuildFile section */

/* Begin PBXContainerItemProxy section */
		D457A1631966F27D00B78A0C /* PBXContainerItemProxy */ = {
			isa = PBXContainerItemProxy;
			containerPortal = D457A15D1966F27C00B78A0C /* ShortcutRecorder.xcodeproj */;
			proxyType = 2;
			remoteGlobalIDString = 939837800DA42965007F53F3;
			remoteInfo = ShortcutRecorder.framework;
		};
		D457A1651966F27D00B78A0C /* PBXContainerItemProxy */ = {
			isa = PBXContainerItemProxy;
			containerPortal = D457A15D1966F27C00B78A0C /* ShortcutRecorder.xcodeproj */;
			proxyType = 2;
			remoteGlobalIDString = E273122E1349EC9000A84433;
			remoteInfo = PTHotKey.framework;
		};
		D457A1671966F27D00B78A0C /* PBXContainerItemProxy */ = {
			isa = PBXContainerItemProxy;
			containerPortal = D457A15D1966F27C00B78A0C /* ShortcutRecorder.xcodeproj */;
			proxyType = 2;
			remoteGlobalIDString = 0D6B2468180304DE00CE1142;
			remoteInfo = Demo;
		};
		D4AFE93616A501DE00C34693 /* PBXContainerItemProxy */ = {
			isa = PBXContainerItemProxy;
			containerPortal = D4AFE92F16A501DD00C34693 /* Haxcessibility.xcodeproj */;
			proxyType = 2;
			remoteGlobalIDString = 8DC2EF5B0486A6940098B216;
			remoteInfo = Haxcessibility;
		};
		D4AFE93916A5027000C34693 /* PBXContainerItemProxy */ = {
			isa = PBXContainerItemProxy;
			containerPortal = D4AFE92F16A501DD00C34693 /* Haxcessibility.xcodeproj */;
			proxyType = 1;
			remoteGlobalIDString = 8DC2EF4F0486A6940098B216;
			remoteInfo = Haxcessibility;
		};
/* End PBXContainerItemProxy section */

/* Begin PBXCopyFilesBuildPhase section */
		D4AFE93B16A5027D00C34693 /* CopyFiles */ = {
			isa = PBXCopyFilesBuildPhase;
			buildActionMask = 2147483647;
			dstPath = "";
			dstSubfolderSpec = 10;
			files = (
				D457A16B1966F29400B78A0C /* ShortcutRecorder.framework in CopyFiles */,
				D457A16C1966F29400B78A0C /* PTHotKey.framework in CopyFiles */,
				D4AFE93C16A5028E00C34693 /* Haxcessibility.framework in CopyFiles */,
			);
			runOnlyForDeploymentPostprocessing = 0;
		};
/* End PBXCopyFilesBuildPhase section */

/* Begin PBXFileReference section */
		089C165DFE840E0CC02AAC07 /* English */ = {isa = PBXFileReference; fileEncoding = 10; lastKnownFileType = text.plist.strings; name = English; path = English.lproj/InfoPlist.strings; sourceTree = "<group>"; };
		1058C7A1FEA54F0111CA2CBB /* Cocoa.framework */ = {isa = PBXFileReference; lastKnownFileType = wrapper.framework; name = Cocoa.framework; path = /System/Library/Frameworks/Cocoa.framework; sourceTree = "<absolute>"; };
		1DDD58150DA1D0A300B32029 /* English */ = {isa = PBXFileReference; lastKnownFileType = file.xib; name = English; path = English.lproj/MainMenu.xib; sourceTree = "<group>"; };
		29B97316FDCFA39411CA2CEA /* main.m */ = {isa = PBXFileReference; fileEncoding = 4; lastKnownFileType = sourcecode.c.objc; path = main.m; sourceTree = "<group>"; };
		32CA4F630368D1EE00C91783 /* Grid.pch */ = {isa = PBXFileReference; fileEncoding = 4; lastKnownFileType = sourcecode.c.h; path = Grid.pch; sourceTree = "<group>"; };
		8D1107310486CEB800E47090 /* Info.plist */ = {isa = PBXFileReference; fileEncoding = 4; lastKnownFileType = text.plist.xml; path = Info.plist; sourceTree = "<group>"; };
		8D1107320486CEB800E47090 /* Grid.app */ = {isa = PBXFileReference; explicitFileType = wrapper.application; includeInIndex = 0; path = Grid.app; sourceTree = BUILT_PRODUCTS_DIR; };
		D457A15D1966F27C00B78A0C /* ShortcutRecorder.xcodeproj */ = {isa = PBXFileReference; lastKnownFileType = "wrapper.pb-project"; path = ShortcutRecorder.xcodeproj; sourceTree = "<group>"; };
		D48BF3090FCB331500D8ED65 /* GRAreaSelectionView.h */ = {isa = PBXFileReference; fileEncoding = 4; lastKnownFileType = sourcecode.c.h; path = GRAreaSelectionView.h; sourceTree = "<group>"; };
		D48BF30A0FCB331500D8ED65 /* GRAreaSelectionView.m */ = {isa = PBXFileReference; fileEncoding = 4; lastKnownFileType = sourcecode.c.objc; path = GRAreaSelectionView.m; sourceTree = "<group>"; };
		D48BF3190FCB347800D8ED65 /* GRController.h */ = {isa = PBXFileReference; fileEncoding = 4; lastKnownFileType = sourcecode.c.h; path = GRController.h; sourceTree = "<group>"; };
		D48BF31A0FCB347800D8ED65 /* GRController.m */ = {isa = PBXFileReference; fileEncoding = 4; lastKnownFileType = sourcecode.c.objc; path = GRController.m; sourceTree = "<group>"; };
		D48BF3360FCB389900D8ED65 /* GRWindowController.h */ = {isa = PBXFileReference; lastKnownFileType = sourcecode.c.h; path = GRWindowController.h; sourceTree = "<group>"; };
		D48BF3370FCB389B00D8ED65 /* GRWindowController.m */ = {isa = PBXFileReference; lastKnownFileType = sourcecode.c.objc; path = GRWindowController.m; sourceTree = "<group>"; };
		D48BF33D0FCB3AFE00D8ED65 /* English */ = {isa = PBXFileReference; lastKnownFileType = file.xib; name = English; path = Resources/English.lproj/GRWindow.xib; sourceTree = "<group>"; };
		D48BF4500FCE2A1500D8ED65 /* Carbon.framework */ = {isa = PBXFileReference; lastKnownFileType = wrapper.framework; name = Carbon.framework; path = System/Library/Frameworks/Carbon.framework; sourceTree = SDKROOT; };
		D48D18A6144DC72A005EB872 /* Grid.entitlements */ = {isa = PBXFileReference; lastKnownFileType = text.xml; path = Grid.entitlements; sourceTree = "<group>"; };
		D4AB67B41431B1FA00DC9FF0 /* GRPreferencesController.h */ = {isa = PBXFileReference; fileEncoding = 4; lastKnownFileType = sourcecode.c.h; path = GRPreferencesController.h; sourceTree = "<group>"; };
		D4AB67B51431B1FA00DC9FF0 /* GRPreferencesController.m */ = {isa = PBXFileReference; fileEncoding = 4; lastKnownFileType = sourcecode.c.objc; path = GRPreferencesController.m; sourceTree = "<group>"; };
		D4AB67C91432E2E600DC9FF0 /* Grid.icns */ = {isa = PBXFileReference; lastKnownFileType = image.icns; path = Grid.icns; sourceTree = "<group>"; };
		D4AB67D61435D90E00DC9FF0 /* GRStatusItemController.h */ = {isa = PBXFileReference; fileEncoding = 4; lastKnownFileType = sourcecode.c.h; path = GRStatusItemController.h; sourceTree = "<group>"; };
		D4AB67D71435D90E00DC9FF0 /* GRStatusItemController.m */ = {isa = PBXFileReference; fileEncoding = 4; lastKnownFileType = sourcecode.c.objc; path = GRStatusItemController.m; sourceTree = "<group>"; };
		D4AB67D91435DADE00DC9FF0 /* GRStatusItem.png */ = {isa = PBXFileReference; lastKnownFileType = image.png; path = GRStatusItem.png; sourceTree = "<group>"; };
		D4AB67E3143B4EE800DC9FF0 /* de */ = {isa = PBXFileReference; lastKnownFileType = file.xib; name = de; path = de.lproj/MainMenu.xib; sourceTree = "<group>"; };
		D4AB67E4143B59D700DC9FF0 /* GridHelp */ = {isa = PBXFileReference; lastKnownFileType = folder; path = GridHelp; sourceTree = "<group>"; };
		D4AB67E6143C6CEF00DC9FF0 /* fr */ = {isa = PBXFileReference; lastKnownFileType = file.xib; name = fr; path = fr.lproj/MainMenu.xib; sourceTree = "<group>"; };
		D4AFE92F16A501DD00C34693 /* Haxcessibility.xcodeproj */ = {isa = PBXFileReference; lastKnownFileType = "wrapper.pb-project"; path = Haxcessibility.xcodeproj; sourceTree = "<group>"; };
/* End PBXFileReference section */

/* Begin PBXFrameworksBuildPhase section */
		8D11072E0486CEB800E47090 /* Frameworks */ = {
			isa = PBXFrameworksBuildPhase;
			buildActionMask = 2147483647;
			files = (
				D457A1691966F28E00B78A0C /* PTHotKey.framework in Frameworks */,
				D457A16A1966F28E00B78A0C /* ShortcutRecorder.framework in Frameworks */,
				D4AFE93816A5026B00C34693 /* Haxcessibility.framework in Frameworks */,
				8D11072F0486CEB800E47090 /* Cocoa.framework in Frameworks */,
				D48BF4510FCE2A1500D8ED65 /* Carbon.framework in Frameworks */,
			);
			runOnlyForDeploymentPostprocessing = 0;
		};
/* End PBXFrameworksBuildPhase section */

/* Begin PBXGroup section */
		19C28FACFE9D520D11CA2CBB /* Products */ = {
			isa = PBXGroup;
			children = (
				8D1107320486CEB800E47090 /* Grid.app */,
			);
			name = Products;
			sourceTree = "<group>";
		};
		29B97314FDCFA39411CA2CEA /* Grid */ = {
			isa = PBXGroup;
			children = (
				D48D18A6144DC72A005EB872 /* Grid.entitlements */,
				D48BF3080FCB331500D8ED65 /* View */,
				D48BF3170FCB347800D8ED65 /* Controller */,
				29B97315FDCFA39411CA2CEA /* Other Sources */,
				D4D2109212D6A92000509E57 /* External */,
				29B97317FDCFA39411CA2CEA /* Resources */,
				29B97323FDCFA39411CA2CEA /* Frameworks */,
				19C28FACFE9D520D11CA2CBB /* Products */,
			);
			name = Grid;
			sourceTree = "<group>";
		};
		29B97315FDCFA39411CA2CEA /* Other Sources */ = {
			isa = PBXGroup;
			children = (
				32CA4F630368D1EE00C91783 /* Grid.pch */,
				29B97316FDCFA39411CA2CEA /* main.m */,
			);
			path = "Other Sources";
			sourceTree = "<group>";
		};
		29B97317FDCFA39411CA2CEA /* Resources */ = {
			isa = PBXGroup;
			children = (
				D4AB67E4143B59D700DC9FF0 /* GridHelp */,
				D4AB67D91435DADE00DC9FF0 /* GRStatusItem.png */,
				D4AB67C91432E2E600DC9FF0 /* Grid.icns */,
				8D1107310486CEB800E47090 /* Info.plist */,
				089C165CFE840E0CC02AAC07 /* InfoPlist.strings */,
				D48BF33C0FCB3AFE00D8ED65 /* GRWindow.xib */,
				1DDD58140DA1D0A300B32029 /* MainMenu.xib */,
			);
			path = Resources;
			sourceTree = "<group>";
		};
		29B97323FDCFA39411CA2CEA /* Frameworks */ = {
			isa = PBXGroup;
			children = (
				D48BF4500FCE2A1500D8ED65 /* Carbon.framework */,
				1058C7A1FEA54F0111CA2CBB /* Cocoa.framework */,
			);
			name = Frameworks;
			sourceTree = "<group>";
		};
		D457A15E1966F27C00B78A0C /* Products */ = {
			isa = PBXGroup;
			children = (
				D457A1641966F27D00B78A0C /* ShortcutRecorder.framework */,
				D457A1661966F27D00B78A0C /* PTHotKey.framework */,
				D457A1681966F27D00B78A0C /* Demo.app */,
			);
			name = Products;
			sourceTree = "<group>";
		};
		D48BF3080FCB331500D8ED65 /* View */ = {
			isa = PBXGroup;
			children = (
				D48BF3090FCB331500D8ED65 /* GRAreaSelectionView.h */,
				D48BF30A0FCB331500D8ED65 /* GRAreaSelectionView.m */,
			);
			path = View;
			sourceTree = "<group>";
		};
		D48BF3170FCB347800D8ED65 /* Controller */ = {
			isa = PBXGroup;
			children = (
				D48BF3190FCB347800D8ED65 /* GRController.h */,
				D48BF31A0FCB347800D8ED65 /* GRController.m */,
				D4AB67B41431B1FA00DC9FF0 /* GRPreferencesController.h */,
				D4AB67B51431B1FA00DC9FF0 /* GRPreferencesController.m */,
				D4AB67D61435D90E00DC9FF0 /* GRStatusItemController.h */,
				D4AB67D71435D90E00DC9FF0 /* GRStatusItemController.m */,
				D48BF3360FCB389900D8ED65 /* GRWindowController.h */,
				D48BF3370FCB389B00D8ED65 /* GRWindowController.m */,
			);
			path = Controller;
			sourceTree = "<group>";
		};
		D48D18B5144DCBD2005EB872 /* Haxcessibility */ = {
			isa = PBXGroup;
			children = (
				D4AFE92F16A501DD00C34693 /* Haxcessibility.xcodeproj */,
			);
			path = Haxcessibility;
			sourceTree = "<group>";
		};
		D48D18CB144DCC6F005EB872 /* ShortcutRecorder */ = {
			isa = PBXGroup;
			children = (
				D457A15D1966F27C00B78A0C /* ShortcutRecorder.xcodeproj */,
			);
			path = ShortcutRecorder;
			sourceTree = "<group>";
		};
		D4AFE93016A501DD00C34693 /* Products */ = {
			isa = PBXGroup;
			children = (
				D4AFE93716A501DE00C34693 /* Haxcessibility.framework */,
			);
			name = Products;
			sourceTree = "<group>";
		};
		D4D2109212D6A92000509E57 /* External */ = {
			isa = PBXGroup;
			children = (
				D48D18B5144DCBD2005EB872 /* Haxcessibility */,
				D48D18CB144DCC6F005EB872 /* ShortcutRecorder */,
			);
			path = External;
			sourceTree = "<group>";
		};
/* End PBXGroup section */

/* Begin PBXNativeTarget section */
		8D1107260486CEB800E47090 /* Grid */ = {
			isa = PBXNativeTarget;
			buildConfigurationList = C01FCF4A08A954540054247B /* Build configuration list for PBXNativeTarget "Grid" */;
			buildPhases = (
				8D11072C0486CEB800E47090 /* Sources */,
				8D11072E0486CEB800E47090 /* Frameworks */,
				8D1107290486CEB800E47090 /* Resources */,
				D4AFE93B16A5027D00C34693 /* CopyFiles */,
			);
			buildRules = (
			);
			dependencies = (
				D4AFE93A16A5027000C34693 /* PBXTargetDependency */,
			);
			name = Grid;
			productInstallPath = "$(HOME)/Applications";
			productName = Grid;
			productReference = 8D1107320486CEB800E47090 /* Grid.app */;
			productType = "com.apple.product-type.application";
		};
/* End PBXNativeTarget section */

/* Begin PBXProject section */
		29B97313FDCFA39411CA2CEA /* Project object */ = {
			isa = PBXProject;
			attributes = {
				CLASSPREFIX = GR;
				LastUpgradeCheck = 0420;
				ORGANIZATIONNAME = "Rob Rix";
			};
			buildConfigurationList = C01FCF4E08A954540054247B /* Build configuration list for PBXProject "Grid" */;
			compatibilityVersion = "Xcode 3.2";
			developmentRegion = English;
			hasScannedForEncodings = 1;
			knownRegions = (
				English,
				Japanese,
				French,
				German,
				de,
				fr,
			);
			mainGroup = 29B97314FDCFA39411CA2CEA /* Grid */;
			projectDirPath = "";
			projectReferences = (
				{
					ProductGroup = D4AFE93016A501DD00C34693 /* Products */;
					ProjectRef = D4AFE92F16A501DD00C34693 /* Haxcessibility.xcodeproj */;
				},
				{
					ProductGroup = D457A15E1966F27C00B78A0C /* Products */;
					ProjectRef = D457A15D1966F27C00B78A0C /* ShortcutRecorder.xcodeproj */;
				},
			);
			projectRoot = "";
			targets = (
				8D1107260486CEB800E47090 /* Grid */,
			);
		};
/* End PBXProject section */

/* Begin PBXReferenceProxy section */
		D457A1641966F27D00B78A0C /* ShortcutRecorder.framework */ = {
			isa = PBXReferenceProxy;
			fileType = wrapper.framework;
			path = ShortcutRecorder.framework;
			remoteRef = D457A1631966F27D00B78A0C /* PBXContainerItemProxy */;
			sourceTree = BUILT_PRODUCTS_DIR;
		};
		D457A1661966F27D00B78A0C /* PTHotKey.framework */ = {
			isa = PBXReferenceProxy;
			fileType = wrapper.framework;
			path = PTHotKey.framework;
			remoteRef = D457A1651966F27D00B78A0C /* PBXContainerItemProxy */;
			sourceTree = BUILT_PRODUCTS_DIR;
		};
		D457A1681966F27D00B78A0C /* Demo.app */ = {
			isa = PBXReferenceProxy;
			fileType = wrapper.application;
			path = Demo.app;
			remoteRef = D457A1671966F27D00B78A0C /* PBXContainerItemProxy */;
			sourceTree = BUILT_PRODUCTS_DIR;
		};
		D4AFE93716A501DE00C34693 /* Haxcessibility.framework */ = {
			isa = PBXReferenceProxy;
			fileType = wrapper.framework;
			path = Haxcessibility.framework;
			remoteRef = D4AFE93616A501DE00C34693 /* PBXContainerItemProxy */;
			sourceTree = BUILT_PRODUCTS_DIR;
		};
/* End PBXReferenceProxy section */

/* Begin PBXResourcesBuildPhase section */
		8D1107290486CEB800E47090 /* Resources */ = {
			isa = PBXResourcesBuildPhase;
			buildActionMask = 2147483647;
			files = (
				8D11072B0486CEB800E47090 /* InfoPlist.strings in Resources */,
				1DDD58160DA1D0A300B32029 /* MainMenu.xib in Resources */,
				D48BF33E0FCB3AFE00D8ED65 /* GRWindow.xib in Resources */,
				D4AB67CA1432E2E600DC9FF0 /* Grid.icns in Resources */,
				D4AB67DA1435DADE00DC9FF0 /* GRStatusItem.png in Resources */,
				D4AB67E5143B59D700DC9FF0 /* GridHelp in Resources */,
			);
			runOnlyForDeploymentPostprocessing = 0;
		};
/* End PBXResourcesBuildPhase section */

/* Begin PBXSourcesBuildPhase section */
		8D11072C0486CEB800E47090 /* Sources */ = {
			isa = PBXSourcesBuildPhase;
			buildActionMask = 2147483647;
			files = (
				8D11072D0486CEB800E47090 /* main.m in Sources */,
				D48BF30B0FCB331500D8ED65 /* GRAreaSelectionView.m in Sources */,
				D48BF31C0FCB347800D8ED65 /* GRController.m in Sources */,
				D48BF3380FCB389B00D8ED65 /* GRWindowController.m in Sources */,
				D4AB67B61431B1FA00DC9FF0 /* GRPreferencesController.m in Sources */,
				D4AB67D81435D90E00DC9FF0 /* GRStatusItemController.m in Sources */,
			);
			runOnlyForDeploymentPostprocessing = 0;
		};
/* End PBXSourcesBuildPhase section */

/* Begin PBXTargetDependency section */
		D4AFE93A16A5027000C34693 /* PBXTargetDependency */ = {
			isa = PBXTargetDependency;
			name = Haxcessibility;
			targetProxy = D4AFE93916A5027000C34693 /* PBXContainerItemProxy */;
		};
/* End PBXTargetDependency section */

/* Begin PBXVariantGroup section */
		089C165CFE840E0CC02AAC07 /* InfoPlist.strings */ = {
			isa = PBXVariantGroup;
			children = (
				089C165DFE840E0CC02AAC07 /* English */,
			);
			name = InfoPlist.strings;
			sourceTree = "<group>";
		};
		1DDD58140DA1D0A300B32029 /* MainMenu.xib */ = {
			isa = PBXVariantGroup;
			children = (
				1DDD58150DA1D0A300B32029 /* English */,
				D4AB67E3143B4EE800DC9FF0 /* de */,
				D4AB67E6143C6CEF00DC9FF0 /* fr */,
			);
			name = MainMenu.xib;
			sourceTree = "<group>";
		};
		D48BF33C0FCB3AFE00D8ED65 /* GRWindow.xib */ = {
			isa = PBXVariantGroup;
			children = (
				D48BF33D0FCB3AFE00D8ED65 /* English */,
			);
			name = GRWindow.xib;
			path = ..;
			sourceTree = "<group>";
		};
/* End PBXVariantGroup section */

/* Begin XCBuildConfiguration section */
		C01FCF4B08A954540054247B /* Debug */ = {
			isa = XCBuildConfiguration;
			buildSettings = {
				COPY_PHASE_STRIP = NO;
				GCC_DYNAMIC_NO_PIC = NO;
				GCC_OPTIMIZATION_LEVEL = 0;
				INFOPLIST_FILE = Resources/Info.plist;
				INSTALL_PATH = "$(HOME)/Applications";
				LD_RUNPATH_SEARCH_PATHS = "@loader_path/../Frameworks";
				MACOSX_DEPLOYMENT_TARGET = 10.9;
				PRODUCT_NAME = Grid;
			};
			name = Debug;
		};
		C01FCF4C08A954540054247B /* Release */ = {
			isa = XCBuildConfiguration;
			buildSettings = {
				DEBUG_INFORMATION_FORMAT = "dwarf-with-dsym";
				INFOPLIST_FILE = Resources/Info.plist;
				INSTALL_PATH = "$(HOME)/Applications";
				LD_RUNPATH_SEARCH_PATHS = "@loader_path/../Frameworks";
				MACOSX_DEPLOYMENT_TARGET = 10.9;
				PRODUCT_NAME = Grid;
			};
			name = Release;
		};
		C01FCF4F08A954540054247B /* Debug */ = {
			isa = XCBuildConfiguration;
			buildSettings = {
				CLANG_ENABLE_OBJC_ARC = YES;
				GCC_C_LANGUAGE_STANDARD = c99;
				GCC_INCREASE_PRECOMPILED_HEADER_SHARING = YES;
				GCC_OPTIMIZATION_LEVEL = 0;
				GCC_PRECOMPILE_PREFIX_HEADER = YES;
				GCC_PREFIX_HEADER = "Other Sources/Grid.pch";
				GCC_PREPROCESSOR_DEFINITIONS = NS_BUILD_32_LIKE_64;
				GCC_WARN_ABOUT_RETURN_TYPE = YES;
				GCC_WARN_UNUSED_VARIABLE = YES;
				ONLY_ACTIVE_ARCH = YES;
				SDKROOT = macosx;
			};
			name = Debug;
		};
		C01FCF5008A954540054247B /* Release */ = {
			isa = XCBuildConfiguration;
			buildSettings = {
				CLANG_ENABLE_OBJC_ARC = YES;
				GCC_C_LANGUAGE_STANDARD = c99;
				GCC_INCREASE_PRECOMPILED_HEADER_SHARING = YES;
				GCC_PRECOMPILE_PREFIX_HEADER = YES;
				GCC_PREFIX_HEADER = "Other Sources/Grid.pch";
				GCC_PREPROCESSOR_DEFINITIONS = NS_BUILD_32_LIKE_64;
				GCC_WARN_ABOUT_RETURN_TYPE = YES;
				GCC_WARN_UNUSED_VARIABLE = YES;
				SDKROOT = macosx;
			};
			name = Release;
		};
/* End XCBuildConfiguration section */

/* Begin XCConfigurationList section */
		C01FCF4A08A954540054247B /* Build configuration list for PBXNativeTarget "Grid" */ = {
			isa = XCConfigurationList;
			buildConfigurations = (
				C01FCF4B08A954540054247B /* Debug */,
				C01FCF4C08A954540054247B /* Release */,
			);
			defaultConfigurationIsVisible = 0;
			defaultConfigurationName = Release;
		};
		C01FCF4E08A954540054247B /* Build configuration list for PBXProject "Grid" */ = {
			isa = XCConfigurationList;
			buildConfigurations = (
				C01FCF4F08A954540054247B /* Debug */,
				C01FCF5008A954540054247B /* Release */,
			);
			defaultConfigurationIsVisible = 0;
			defaultConfigurationName = Release;
		};
/* End XCConfigurationList section */
	};
	rootObject = 29B97313FDCFA39411CA2CEA /* Project object */;
}
