// !$*UTF8*$!
{
	archiveVersion = 1;
	classes = {
	};
	objectVersion = 45;
	objects = {

/* Begin PBXBuildFile section */
		1DDD58160DA1D0A300B32029 /* MainMenu.xib in Resources */ = {isa = PBXBuildFile; fileRef = 1DDD58140DA1D0A300B32029 /* MainMenu.xib */; };
		8D11072B0486CEB800E47090 /* InfoPlist.strings in Resources */ = {isa = PBXBuildFile; fileRef = 089C165CFE840E0CC02AAC07 /* InfoPlist.strings */; };
		8D11072D0486CEB800E47090 /* main.m in Sources */ = {isa = PBXBuildFile; fileRef = 29B97316FDCFA39411CA2CEA /* main.m */; settings = {ATTRIBUTES = (); }; };
		8D11072F0486CEB800E47090 /* Cocoa.framework in Frameworks */ = {isa = PBXBuildFile; fileRef = 1058C7A1FEA54F0111CA2CBB /* Cocoa.framework */; };
		D48BF30B0FCB331500D8ED65 /* GRAreaSelectionView.m in Sources */ = {isa = PBXBuildFile; fileRef = D48BF30A0FCB331500D8ED65 /* GRAreaSelectionView.m */; };
		D48BF31C0FCB347800D8ED65 /* GRController.m in Sources */ = {isa = PBXBuildFile; fileRef = D48BF31A0FCB347800D8ED65 /* GRController.m */; };
		D48BF3380FCB389B00D8ED65 /* GRWindowController.m in Sources */ = {isa = PBXBuildFile; fileRef = D48BF3370FCB389B00D8ED65 /* GRWindowController.m */; };
		D48BF33E0FCB3AFE00D8ED65 /* GRWindow.xib in Resources */ = {isa = PBXBuildFile; fileRef = D48BF33C0FCB3AFE00D8ED65 /* GRWindow.xib */; };
		D48BF4510FCE2A1500D8ED65 /* Carbon.framework in Frameworks */ = {isa = PBXBuildFile; fileRef = D48BF4500FCE2A1500D8ED65 /* Carbon.framework */; };
		D48BF48A0FCE538A00D8ED65 /* GRApplicationUIElement.m in Sources */ = {isa = PBXBuildFile; fileRef = D48BF4870FCE538A00D8ED65 /* GRApplicationUIElement.m */; };
		D48BF48B0FCE538A00D8ED65 /* GRWindowUIElement.m in Sources */ = {isa = PBXBuildFile; fileRef = D48BF4890FCE538A00D8ED65 /* GRWindowUIElement.m */; };
/* End PBXBuildFile section */

/* Begin PBXFileReference section */
		089C165DFE840E0CC02AAC07 /* English */ = {isa = PBXFileReference; fileEncoding = 10; lastKnownFileType = text.plist.strings; name = English; path = English.lproj/InfoPlist.strings; sourceTree = "<group>"; };
		1058C7A1FEA54F0111CA2CBB /* Cocoa.framework */ = {isa = PBXFileReference; lastKnownFileType = wrapper.framework; name = Cocoa.framework; path = /System/Library/Frameworks/Cocoa.framework; sourceTree = "<absolute>"; };
		1DDD58150DA1D0A300B32029 /* English */ = {isa = PBXFileReference; lastKnownFileType = file.xib; name = English; path = English.lproj/MainMenu.xib; sourceTree = "<group>"; };
		29B97316FDCFA39411CA2CEA /* main.m */ = {isa = PBXFileReference; fileEncoding = 4; lastKnownFileType = sourcecode.c.objc; path = main.m; sourceTree = "<group>"; };
		32CA4F630368D1EE00C91783 /* Grid_Prefix.pch */ = {isa = PBXFileReference; fileEncoding = 4; lastKnownFileType = sourcecode.c.h; path = Grid_Prefix.pch; sourceTree = "<group>"; };
		8D1107310486CEB800E47090 /* Info.plist */ = {isa = PBXFileReference; fileEncoding = 4; lastKnownFileType = text.plist.xml; path = Info.plist; sourceTree = "<group>"; };
		8D1107320486CEB800E47090 /* Grid.app */ = {isa = PBXFileReference; explicitFileType = wrapper.application; includeInIndex = 0; path = Grid.app; sourceTree = BUILT_PRODUCTS_DIR; };
		D48BF3090FCB331500D8ED65 /* GRAreaSelectionView.h */ = {isa = PBXFileReference; fileEncoding = 4; lastKnownFileType = sourcecode.c.h; path = GRAreaSelectionView.h; sourceTree = "<group>"; };
		D48BF30A0FCB331500D8ED65 /* GRAreaSelectionView.m */ = {isa = PBXFileReference; fileEncoding = 4; lastKnownFileType = sourcecode.c.objc; path = GRAreaSelectionView.m; sourceTree = "<group>"; };
		D48BF3190FCB347800D8ED65 /* GRController.h */ = {isa = PBXFileReference; fileEncoding = 4; lastKnownFileType = sourcecode.c.h; path = GRController.h; sourceTree = "<group>"; };
		D48BF31A0FCB347800D8ED65 /* GRController.m */ = {isa = PBXFileReference; fileEncoding = 4; lastKnownFileType = sourcecode.c.objc; path = GRController.m; sourceTree = "<group>"; };
		D48BF3360FCB389900D8ED65 /* GRWindowController.h */ = {isa = PBXFileReference; lastKnownFileType = sourcecode.c.h; path = GRWindowController.h; sourceTree = "<group>"; };
		D48BF3370FCB389B00D8ED65 /* GRWindowController.m */ = {isa = PBXFileReference; lastKnownFileType = sourcecode.c.objc; path = GRWindowController.m; sourceTree = "<group>"; };
		D48BF33D0FCB3AFE00D8ED65 /* English */ = {isa = PBXFileReference; lastKnownFileType = file.xib; name = English; path = Resources/English.lproj/GRWindow.xib; sourceTree = "<group>"; };
		D48BF4500FCE2A1500D8ED65 /* Carbon.framework */ = {isa = PBXFileReference; lastKnownFileType = wrapper.framework; name = Carbon.framework; path = System/Library/Frameworks/Carbon.framework; sourceTree = SDKROOT; };
		D48BF4860FCE538A00D8ED65 /* GRApplicationUIElement.h */ = {isa = PBXFileReference; fileEncoding = 4; lastKnownFileType = sourcecode.c.h; path = GRApplicationUIElement.h; sourceTree = "<group>"; };
		D48BF4870FCE538A00D8ED65 /* GRApplicationUIElement.m */ = {isa = PBXFileReference; fileEncoding = 4; lastKnownFileType = sourcecode.c.objc; path = GRApplicationUIElement.m; sourceTree = "<group>"; };
		D48BF4880FCE538A00D8ED65 /* GRWindowUIElement.h */ = {isa = PBXFileReference; fileEncoding = 4; lastKnownFileType = sourcecode.c.h; path = GRWindowUIElement.h; sourceTree = "<group>"; };
		D48BF4890FCE538A00D8ED65 /* GRWindowUIElement.m */ = {isa = PBXFileReference; fileEncoding = 4; lastKnownFileType = sourcecode.c.objc; path = GRWindowUIElement.m; sourceTree = "<group>"; };
/* End PBXFileReference section */

/* Begin PBXFrameworksBuildPhase section */
		8D11072E0486CEB800E47090 /* Frameworks */ = {
			isa = PBXFrameworksBuildPhase;
			buildActionMask = 2147483647;
			files = (
				8D11072F0486CEB800E47090 /* Cocoa.framework in Frameworks */,
				D48BF4510FCE2A1500D8ED65 /* Carbon.framework in Frameworks */,
			);
			runOnlyForDeploymentPostprocessing = 0;
		};
/* End PBXFrameworksBuildPhase section */

/* Begin PBXGroup section */
		19C28FACFE9D520D11CA2CBB /* Products */ = {
			isa = PBXGroup;
			children = (
				8D1107320486CEB800E47090 /* Grid.app */,
			);
			name = Products;
			sourceTree = "<group>";
		};
		29B97314FDCFA39411CA2CEA /* Grid */ = {
			isa = PBXGroup;
			children = (
				D48BF4850FCE538A00D8ED65 /* Model */,
				D48BF3080FCB331500D8ED65 /* View */,
				D48BF3170FCB347800D8ED65 /* Controller */,
				29B97315FDCFA39411CA2CEA /* Other Sources */,
				29B97317FDCFA39411CA2CEA /* Resources */,
				29B97323FDCFA39411CA2CEA /* Frameworks */,
				19C28FACFE9D520D11CA2CBB /* Products */,
			);
			name = Grid;
			sourceTree = "<group>";
		};
		29B97315FDCFA39411CA2CEA /* Other Sources */ = {
			isa = PBXGroup;
			children = (
				32CA4F630368D1EE00C91783 /* Grid_Prefix.pch */,
				29B97316FDCFA39411CA2CEA /* main.m */,
			);
			path = "Other Sources";
			sourceTree = "<group>";
		};
		29B97317FDCFA39411CA2CEA /* Resources */ = {
			isa = PBXGroup;
			children = (
				8D1107310486CEB800E47090 /* Info.plist */,
				089C165CFE840E0CC02AAC07 /* InfoPlist.strings */,
				D48BF33C0FCB3AFE00D8ED65 /* GRWindow.xib */,
				1DDD58140DA1D0A300B32029 /* MainMenu.xib */,
			);
			path = Resources;
			sourceTree = "<group>";
		};
		29B97323FDCFA39411CA2CEA /* Frameworks */ = {
			isa = PBXGroup;
			children = (
				D48BF4500FCE2A1500D8ED65 /* Carbon.framework */,
				1058C7A1FEA54F0111CA2CBB /* Cocoa.framework */,
			);
			name = Frameworks;
			sourceTree = "<group>";
		};
		D48BF3080FCB331500D8ED65 /* View */ = {
			isa = PBXGroup;
			children = (
				D48BF3090FCB331500D8ED65 /* GRAreaSelectionView.h */,
				D48BF30A0FCB331500D8ED65 /* GRAreaSelectionView.m */,
			);
			path = View;
			sourceTree = "<group>";
		};
		D48BF3170FCB347800D8ED65 /* Controller */ = {
			isa = PBXGroup;
			children = (
				D48BF3190FCB347800D8ED65 /* GRController.h */,
				D48BF31A0FCB347800D8ED65 /* GRController.m */,
				D48BF3360FCB389900D8ED65 /* GRWindowController.h */,
				D48BF3370FCB389B00D8ED65 /* GRWindowController.m */,
			);
			path = Controller;
			sourceTree = "<group>";
		};
		D48BF4850FCE538A00D8ED65 /* Model */ = {
			isa = PBXGroup;
			children = (
				D48BF4860FCE538A00D8ED65 /* GRApplicationUIElement.h */,
				D48BF4870FCE538A00D8ED65 /* GRApplicationUIElement.m */,
				D48BF4880FCE538A00D8ED65 /* GRWindowUIElement.h */,
				D48BF4890FCE538A00D8ED65 /* GRWindowUIElement.m */,
			);
			path = Model;
			sourceTree = "<group>";
		};
/* End PBXGroup section */

/* Begin PBXNativeTarget section */
		8D1107260486CEB800E47090 /* Grid */ = {
			isa = PBXNativeTarget;
			buildConfigurationList = C01FCF4A08A954540054247B /* Build configuration list for PBXNativeTarget "Grid" */;
			buildPhases = (
				8D1107290486CEB800E47090 /* Resources */,
				8D11072C0486CEB800E47090 /* Sources */,
				8D11072E0486CEB800E47090 /* Frameworks */,
			);
			buildRules = (
			);
			dependencies = (
			);
			name = Grid;
			productInstallPath = "$(HOME)/Applications";
			productName = Grid;
			productReference = 8D1107320486CEB800E47090 /* Grid.app */;
			productType = "com.apple.product-type.application";
		};
/* End PBXNativeTarget section */

/* Begin PBXProject section */
		29B97313FDCFA39411CA2CEA /* Project object */ = {
			isa = PBXProject;
			buildConfigurationList = C01FCF4E08A954540054247B /* Build configuration list for PBXProject "Grid" */;
			compatibilityVersion = "Xcode 3.1";
			developmentRegion = English;
			hasScannedForEncodings = 1;
			knownRegions = (
				English,
				Japanese,
				French,
				German,
			);
			mainGroup = 29B97314FDCFA39411CA2CEA /* Grid */;
			projectDirPath = "";
			projectRoot = "";
			targets = (
				8D1107260486CEB800E47090 /* Grid */,
			);
		};
/* End PBXProject section */

/* Begin PBXResourcesBuildPhase section */
		8D1107290486CEB800E47090 /* Resources */ = {
			isa = PBXResourcesBuildPhase;
			buildActionMask = 2147483647;
			files = (
				8D11072B0486CEB800E47090 /* InfoPlist.strings in Resources */,
				1DDD58160DA1D0A300B32029 /* MainMenu.xib in Resources */,
				D48BF33E0FCB3AFE00D8ED65 /* GRWindow.xib in Resources */,
			);
			runOnlyForDeploymentPostprocessing = 0;
		};
/* End PBXResourcesBuildPhase section */

/* Begin PBXSourcesBuildPhase section */
		8D11072C0486CEB800E47090 /* Sources */ = {
			isa = PBXSourcesBuildPhase;
			buildActionMask = 2147483647;
			files = (
				8D11072D0486CEB800E47090 /* main.m in Sources */,
				D48BF30B0FCB331500D8ED65 /* GRAreaSelectionView.m in Sources */,
				D48BF31C0FCB347800D8ED65 /* GRController.m in Sources */,
				D48BF3380FCB389B00D8ED65 /* GRWindowController.m in Sources */,
				D48BF48A0FCE538A00D8ED65 /* GRApplicationUIElement.m in Sources */,
				D48BF48B0FCE538A00D8ED65 /* GRWindowUIElement.m in Sources */,
			);
			runOnlyForDeploymentPostprocessing = 0;
		};
/* End PBXSourcesBuildPhase section */

/* Begin PBXVariantGroup section */
		089C165CFE840E0CC02AAC07 /* InfoPlist.strings */ = {
			isa = PBXVariantGroup;
			children = (
				089C165DFE840E0CC02AAC07 /* English */,
			);
			name = InfoPlist.strings;
			sourceTree = "<group>";
		};
		1DDD58140DA1D0A300B32029 /* MainMenu.xib */ = {
			isa = PBXVariantGroup;
			children = (
				1DDD58150DA1D0A300B32029 /* English */,
			);
			name = MainMenu.xib;
			sourceTree = "<group>";
		};
		D48BF33C0FCB3AFE00D8ED65 /* GRWindow.xib */ = {
			isa = PBXVariantGroup;
			children = (
				D48BF33D0FCB3AFE00D8ED65 /* English */,
			);
			name = GRWindow.xib;
			path = ..;
			sourceTree = "<group>";
		};
/* End PBXVariantGroup section */

/* Begin XCBuildConfiguration section */
		C01FCF4B08A954540054247B /* Debug */ = {
			isa = XCBuildConfiguration;
			buildSettings = {
				ALWAYS_SEARCH_USER_PATHS = NO;
				COPY_PHASE_STRIP = NO;
				GCC_DYNAMIC_NO_PIC = NO;
				GCC_ENABLE_FIX_AND_CONTINUE = YES;
				GCC_ENABLE_OBJC_GC = required;
				GCC_MODEL_TUNING = G5;
				GCC_OPTIMIZATION_LEVEL = 0;
				GCC_PRECOMPILE_PREFIX_HEADER = YES;
				GCC_PREFIX_HEADER = "Other Sources/Grid_Prefix.pch";
				INFOPLIST_FILE = Resources/Info.plist;
				INSTALL_PATH = "$(HOME)/Applications";
				PRODUCT_NAME = Grid;
			};
			name = Debug;
		};
		C01FCF4C08A954540054247B /* Release */ = {
			isa = XCBuildConfiguration;
			buildSettings = {
				ALWAYS_SEARCH_USER_PATHS = NO;
				DEBUG_INFORMATION_FORMAT = "dwarf-with-dsym";
				GCC_ENABLE_OBJC_GC = required;
				GCC_MODEL_TUNING = G5;
				GCC_PRECOMPILE_PREFIX_HEADER = YES;
				GCC_PREFIX_HEADER = "Other Sources/Grid_Prefix.pch";
				INFOPLIST_FILE = Resources/Info.plist;
				INSTALL_PATH = "$(HOME)/Applications";
				PRODUCT_NAME = Grid;
			};
			name = Release;
		};
		C01FCF4F08A954540054247B /* Debug */ = {
			isa = XCBuildConfiguration;
			buildSettings = {
				ARCHS = "$(ARCHS_STANDARD_32_BIT)";
				GCC_C_LANGUAGE_STANDARD = c99;
				GCC_OPTIMIZATION_LEVEL = 0;
				GCC_PREPROCESSOR_DEFINITIONS = NS_BUILD_32_LIKE_64;
				GCC_WARN_ABOUT_RETURN_TYPE = YES;
				GCC_WARN_UNUSED_VARIABLE = YES;
				ONLY_ACTIVE_ARCH = YES;
				PREBINDING = NO;
				SDKROOT = macosx10.5;
			};
			name = Debug;
		};
		C01FCF5008A954540054247B /* Release */ = {
			isa = XCBuildConfiguration;
			buildSettings = {
				ARCHS = "$(ARCHS_STANDARD_32_BIT)";
				GCC_C_LANGUAGE_STANDARD = c99;
				GCC_PREPROCESSOR_DEFINITIONS = NS_BUILD_32_LIKE_64;
				GCC_WARN_ABOUT_RETURN_TYPE = YES;
				GCC_WARN_UNUSED_VARIABLE = YES;
				PREBINDING = NO;
				SDKROOT = macosx10.5;
			};
			name = Release;
		};
/* End XCBuildConfiguration section */

/* Begin XCConfigurationList section */
		C01FCF4A08A954540054247B /* Build configuration list for PBXNativeTarget "Grid" */ = {
			isa = XCConfigurationList;
			buildConfigurations = (
				C01FCF4B08A954540054247B /* Debug */,
				C01FCF4C08A954540054247B /* Release */,
			);
			defaultConfigurationIsVisible = 0;
			defaultConfigurationName = Release;
		};
		C01FCF4E08A954540054247B /* Build configuration list for PBXProject "Grid" */ = {
			isa = XCConfigurationList;
			buildConfigurations = (
				C01FCF4F08A954540054247B /* Debug */,
				C01FCF5008A954540054247B /* Release */,
			);
			defaultConfigurationIsVisible = 0;
			defaultConfigurationName = Release;
		};
/* End XCConfigurationList section */
	};
	rootObject = 29B97313FDCFA39411CA2CEA /* Project object */;
}
