// !$*UTF8*$!
{
	archiveVersion = 1;
	classes = {
	};
	objectVersion = 46;
	objects = {

/* Begin PBXBuildFile section */
		1DDD58160DA1D0A300B32029 /* MainMenu.xib in Resources */ = {isa = PBXBuildFile; fileRef = 1DDD58140DA1D0A300B32029 /* MainMenu.xib */; };
		8D11072B0486CEB800E47090 /* InfoPlist.strings in Resources */ = {isa = PBXBuildFile; fileRef = 089C165CFE840E0CC02AAC07 /* InfoPlist.strings */; };
		8D11072D0486CEB800E47090 /* main.m in Sources */ = {isa = PBXBuildFile; fileRef = 29B97316FDCFA39411CA2CEA /* main.m */; settings = {ATTRIBUTES = (); }; };
		8D11072F0486CEB800E47090 /* Cocoa.framework in Frameworks */ = {isa = PBXBuildFile; fileRef = 1058C7A1FEA54F0111CA2CBB /* Cocoa.framework */; };
		D48BF30B0FCB331500D8ED65 /* GRAreaSelectionView.m in Sources */ = {isa = PBXBuildFile; fileRef = D48BF30A0FCB331500D8ED65 /* GRAreaSelectionView.m */; };
		D48BF31C0FCB347800D8ED65 /* GRController.m in Sources */ = {isa = PBXBuildFile; fileRef = D48BF31A0FCB347800D8ED65 /* GRController.m */; };
		D48BF3380FCB389B00D8ED65 /* GRWindowController.m in Sources */ = {isa = PBXBuildFile; fileRef = D48BF3370FCB389B00D8ED65 /* GRWindowController.m */; };
		D48BF33E0FCB3AFE00D8ED65 /* GRWindow.xib in Resources */ = {isa = PBXBuildFile; fileRef = D48BF33C0FCB3AFE00D8ED65 /* GRWindow.xib */; };
		D48BF4510FCE2A1500D8ED65 /* Carbon.framework in Frameworks */ = {isa = PBXBuildFile; fileRef = D48BF4500FCE2A1500D8ED65 /* Carbon.framework */; };
		D48D18C7144DCC1D005EB872 /* HAXApplication.m in Sources */ = {isa = PBXBuildFile; fileRef = D48D18BC144DCC1D005EB872 /* HAXApplication.m */; };
		D48D18C8144DCC1D005EB872 /* HAXElement.m in Sources */ = {isa = PBXBuildFile; fileRef = D48D18BF144DCC1D005EB872 /* HAXElement.m */; };
		D48D18C9144DCC1D005EB872 /* HAXSystem.m in Sources */ = {isa = PBXBuildFile; fileRef = D48D18C1144DCC1D005EB872 /* HAXSystem.m */; };
		D48D18CA144DCC1D005EB872 /* HAXWindow.m in Sources */ = {isa = PBXBuildFile; fileRef = D48D18C3144DCC1D005EB872 /* HAXWindow.m */; };
		D48D18D8144DCC6F005EB872 /* SRCommon.m in Sources */ = {isa = PBXBuildFile; fileRef = D48D18CF144DCC6F005EB872 /* SRCommon.m */; };
		D48D18D9144DCC6F005EB872 /* SRKeyCodeTransformer.m in Sources */ = {isa = PBXBuildFile; fileRef = D48D18D1144DCC6F005EB872 /* SRKeyCodeTransformer.m */; };
		D48D18DA144DCC6F005EB872 /* SRRecorderCell.m in Sources */ = {isa = PBXBuildFile; fileRef = D48D18D3144DCC6F005EB872 /* SRRecorderCell.m */; };
		D48D18DB144DCC6F005EB872 /* SRRecorderControl.m in Sources */ = {isa = PBXBuildFile; fileRef = D48D18D5144DCC6F005EB872 /* SRRecorderControl.m */; };
		D48D18DC144DCC6F005EB872 /* SRValidator.m in Sources */ = {isa = PBXBuildFile; fileRef = D48D18D7144DCC6F005EB872 /* SRValidator.m */; };
		D4AB67B61431B1FA00DC9FF0 /* GRPreferencesController.m in Sources */ = {isa = PBXBuildFile; fileRef = D4AB67B51431B1FA00DC9FF0 /* GRPreferencesController.m */; };
		D4AB67CA1432E2E600DC9FF0 /* Grid.icns in Resources */ = {isa = PBXBuildFile; fileRef = D4AB67C91432E2E600DC9FF0 /* Grid.icns */; };
		D4AB67D81435D90E00DC9FF0 /* GRStatusItemController.m in Sources */ = {isa = PBXBuildFile; fileRef = D4AB67D71435D90E00DC9FF0 /* GRStatusItemController.m */; };
		D4AB67DA1435DADE00DC9FF0 /* GRStatusItem.png in Resources */ = {isa = PBXBuildFile; fileRef = D4AB67D91435DADE00DC9FF0 /* GRStatusItem.png */; };
		D4AB67E5143B59D700DC9FF0 /* GridHelp in Resources */ = {isa = PBXBuildFile; fileRef = D4AB67E4143B59D700DC9FF0 /* GridHelp */; };
/* End PBXBuildFile section */

/* Begin PBXFileReference section */
		089C165DFE840E0CC02AAC07 /* English */ = {isa = PBXFileReference; fileEncoding = 10; lastKnownFileType = text.plist.strings; name = English; path = English.lproj/InfoPlist.strings; sourceTree = "<group>"; };
		1058C7A1FEA54F0111CA2CBB /* Cocoa.framework */ = {isa = PBXFileReference; lastKnownFileType = wrapper.framework; name = Cocoa.framework; path = /System/Library/Frameworks/Cocoa.framework; sourceTree = "<absolute>"; };
		1DDD58150DA1D0A300B32029 /* English */ = {isa = PBXFileReference; lastKnownFileType = file.xib; name = English; path = English.lproj/MainMenu.xib; sourceTree = "<group>"; };
		29B97316FDCFA39411CA2CEA /* main.m */ = {isa = PBXFileReference; fileEncoding = 4; lastKnownFileType = sourcecode.c.objc; path = main.m; sourceTree = "<group>"; };
		32CA4F630368D1EE00C91783 /* Grid.pch */ = {isa = PBXFileReference; fileEncoding = 4; lastKnownFileType = sourcecode.c.h; path = Grid.pch; sourceTree = "<group>"; };
		8D1107310486CEB800E47090 /* Info.plist */ = {isa = PBXFileReference; fileEncoding = 4; lastKnownFileType = text.plist.xml; path = Info.plist; sourceTree = "<group>"; };
		8D1107320486CEB800E47090 /* Grid.app */ = {isa = PBXFileReference; explicitFileType = wrapper.application; includeInIndex = 0; path = Grid.app; sourceTree = BUILT_PRODUCTS_DIR; };
		D48BF3090FCB331500D8ED65 /* GRAreaSelectionView.h */ = {isa = PBXFileReference; fileEncoding = 4; lastKnownFileType = sourcecode.c.h; path = GRAreaSelectionView.h; sourceTree = "<group>"; };
		D48BF30A0FCB331500D8ED65 /* GRAreaSelectionView.m */ = {isa = PBXFileReference; fileEncoding = 4; lastKnownFileType = sourcecode.c.objc; path = GRAreaSelectionView.m; sourceTree = "<group>"; };
		D48BF3190FCB347800D8ED65 /* GRController.h */ = {isa = PBXFileReference; fileEncoding = 4; lastKnownFileType = sourcecode.c.h; path = GRController.h; sourceTree = "<group>"; };
		D48BF31A0FCB347800D8ED65 /* GRController.m */ = {isa = PBXFileReference; fileEncoding = 4; lastKnownFileType = sourcecode.c.objc; path = GRController.m; sourceTree = "<group>"; };
		D48BF3360FCB389900D8ED65 /* GRWindowController.h */ = {isa = PBXFileReference; lastKnownFileType = sourcecode.c.h; path = GRWindowController.h; sourceTree = "<group>"; };
		D48BF3370FCB389B00D8ED65 /* GRWindowController.m */ = {isa = PBXFileReference; lastKnownFileType = sourcecode.c.objc; path = GRWindowController.m; sourceTree = "<group>"; };
		D48BF33D0FCB3AFE00D8ED65 /* English */ = {isa = PBXFileReference; lastKnownFileType = file.xib; name = English; path = Resources/English.lproj/GRWindow.xib; sourceTree = "<group>"; };
		D48BF4500FCE2A1500D8ED65 /* Carbon.framework */ = {isa = PBXFileReference; lastKnownFileType = wrapper.framework; name = Carbon.framework; path = System/Library/Frameworks/Carbon.framework; sourceTree = SDKROOT; };
		D48D18A6144DC72A005EB872 /* Grid.entitlements */ = {isa = PBXFileReference; lastKnownFileType = text.xml; path = Grid.entitlements; sourceTree = "<group>"; };
		D48D18BB144DCC1D005EB872 /* HAXApplication.h */ = {isa = PBXFileReference; fileEncoding = 4; lastKnownFileType = sourcecode.c.h; path = HAXApplication.h; sourceTree = "<group>"; };
		D48D18BC144DCC1D005EB872 /* HAXApplication.m */ = {isa = PBXFileReference; fileEncoding = 4; lastKnownFileType = sourcecode.c.objc; path = HAXApplication.m; sourceTree = "<group>"; };
		D48D18BD144DCC1D005EB872 /* HAXElement+Protected.h */ = {isa = PBXFileReference; fileEncoding = 4; lastKnownFileType = sourcecode.c.h; path = "HAXElement+Protected.h"; sourceTree = "<group>"; };
		D48D18BE144DCC1D005EB872 /* HAXElement.h */ = {isa = PBXFileReference; fileEncoding = 4; lastKnownFileType = sourcecode.c.h; path = HAXElement.h; sourceTree = "<group>"; };
		D48D18BF144DCC1D005EB872 /* HAXElement.m */ = {isa = PBXFileReference; fileEncoding = 4; lastKnownFileType = sourcecode.c.objc; path = HAXElement.m; sourceTree = "<group>"; };
		D48D18C0144DCC1D005EB872 /* HAXSystem.h */ = {isa = PBXFileReference; fileEncoding = 4; lastKnownFileType = sourcecode.c.h; path = HAXSystem.h; sourceTree = "<group>"; };
		D48D18C1144DCC1D005EB872 /* HAXSystem.m */ = {isa = PBXFileReference; fileEncoding = 4; lastKnownFileType = sourcecode.c.objc; path = HAXSystem.m; sourceTree = "<group>"; };
		D48D18C2144DCC1D005EB872 /* HAXWindow.h */ = {isa = PBXFileReference; fileEncoding = 4; lastKnownFileType = sourcecode.c.h; path = HAXWindow.h; sourceTree = "<group>"; };
		D48D18C3144DCC1D005EB872 /* HAXWindow.m */ = {isa = PBXFileReference; fileEncoding = 4; lastKnownFileType = sourcecode.c.objc; path = HAXWindow.m; sourceTree = "<group>"; };
		D48D18CE144DCC6F005EB872 /* SRCommon.h */ = {isa = PBXFileReference; fileEncoding = 4; lastKnownFileType = sourcecode.c.h; path = SRCommon.h; sourceTree = "<group>"; };
		D48D18CF144DCC6F005EB872 /* SRCommon.m */ = {isa = PBXFileReference; fileEncoding = 4; lastKnownFileType = sourcecode.c.objc; path = SRCommon.m; sourceTree = "<group>"; };
		D48D18D0144DCC6F005EB872 /* SRKeyCodeTransformer.h */ = {isa = PBXFileReference; fileEncoding = 4; lastKnownFileType = sourcecode.c.h; path = SRKeyCodeTransformer.h; sourceTree = "<group>"; };
		D48D18D1144DCC6F005EB872 /* SRKeyCodeTransformer.m */ = {isa = PBXFileReference; fileEncoding = 4; lastKnownFileType = sourcecode.c.objc; path = SRKeyCodeTransformer.m; sourceTree = "<group>"; };
		D48D18D2144DCC6F005EB872 /* SRRecorderCell.h */ = {isa = PBXFileReference; fileEncoding = 4; lastKnownFileType = sourcecode.c.h; path = SRRecorderCell.h; sourceTree = "<group>"; };
		D48D18D3144DCC6F005EB872 /* SRRecorderCell.m */ = {isa = PBXFileReference; fileEncoding = 4; lastKnownFileType = sourcecode.c.objc; path = SRRecorderCell.m; sourceTree = "<group>"; };
		D48D18D4144DCC6F005EB872 /* SRRecorderControl.h */ = {isa = PBXFileReference; fileEncoding = 4; lastKnownFileType = sourcecode.c.h; path = SRRecorderControl.h; sourceTree = "<group>"; };
		D48D18D5144DCC6F005EB872 /* SRRecorderControl.m */ = {isa = PBXFileReference; fileEncoding = 4; lastKnownFileType = sourcecode.c.objc; path = SRRecorderControl.m; sourceTree = "<group>"; };
		D48D18D6144DCC6F005EB872 /* SRValidator.h */ = {isa = PBXFileReference; fileEncoding = 4; lastKnownFileType = sourcecode.c.h; path = SRValidator.h; sourceTree = "<group>"; };
		D48D18D7144DCC6F005EB872 /* SRValidator.m */ = {isa = PBXFileReference; fileEncoding = 4; lastKnownFileType = sourcecode.c.objc; path = SRValidator.m; sourceTree = "<group>"; };
		D4AB67B41431B1FA00DC9FF0 /* GRPreferencesController.h */ = {isa = PBXFileReference; fileEncoding = 4; lastKnownFileType = sourcecode.c.h; path = GRPreferencesController.h; sourceTree = "<group>"; };
		D4AB67B51431B1FA00DC9FF0 /* GRPreferencesController.m */ = {isa = PBXFileReference; fileEncoding = 4; lastKnownFileType = sourcecode.c.objc; path = GRPreferencesController.m; sourceTree = "<group>"; };
		D4AB67C91432E2E600DC9FF0 /* Grid.icns */ = {isa = PBXFileReference; lastKnownFileType = image.icns; path = Grid.icns; sourceTree = "<group>"; };
		D4AB67D61435D90E00DC9FF0 /* GRStatusItemController.h */ = {isa = PBXFileReference; fileEncoding = 4; lastKnownFileType = sourcecode.c.h; path = GRStatusItemController.h; sourceTree = "<group>"; };
		D4AB67D71435D90E00DC9FF0 /* GRStatusItemController.m */ = {isa = PBXFileReference; fileEncoding = 4; lastKnownFileType = sourcecode.c.objc; path = GRStatusItemController.m; sourceTree = "<group>"; };
		D4AB67D91435DADE00DC9FF0 /* GRStatusItem.png */ = {isa = PBXFileReference; lastKnownFileType = image.png; path = GRStatusItem.png; sourceTree = "<group>"; };
		D4AB67E3143B4EE800DC9FF0 /* de */ = {isa = PBXFileReference; lastKnownFileType = file.xib; name = de; path = de.lproj/MainMenu.xib; sourceTree = "<group>"; };
		D4AB67E4143B59D700DC9FF0 /* GridHelp */ = {isa = PBXFileReference; lastKnownFileType = folder; path = GridHelp; sourceTree = "<group>"; };
		D4AB67E6143C6CEF00DC9FF0 /* fr */ = {isa = PBXFileReference; lastKnownFileType = file.xib; name = fr; path = fr.lproj/MainMenu.xib; sourceTree = "<group>"; };
/* End PBXFileReference section */

/* Begin PBXFrameworksBuildPhase section */
		8D11072E0486CEB800E47090 /* Frameworks */ = {
			isa = PBXFrameworksBuildPhase;
			buildActionMask = 2147483647;
			files = (
				8D11072F0486CEB800E47090 /* Cocoa.framework in Frameworks */,
				D48BF4510FCE2A1500D8ED65 /* Carbon.framework in Frameworks */,
			);
			runOnlyForDeploymentPostprocessing = 0;
		};
/* End PBXFrameworksBuildPhase section */

/* Begin PBXGroup section */
		19C28FACFE9D520D11CA2CBB /* Products */ = {
			isa = PBXGroup;
			children = (
				8D1107320486CEB800E47090 /* Grid.app */,
			);
			name = Products;
			sourceTree = "<group>";
		};
		29B97314FDCFA39411CA2CEA /* Grid */ = {
			isa = PBXGroup;
			children = (
				D48D18A6144DC72A005EB872 /* Grid.entitlements */,
				D48BF3080FCB331500D8ED65 /* View */,
				D48BF3170FCB347800D8ED65 /* Controller */,
				29B97315FDCFA39411CA2CEA /* Other Sources */,
				D4D2109212D6A92000509E57 /* External */,
				29B97317FDCFA39411CA2CEA /* Resources */,
				29B97323FDCFA39411CA2CEA /* Frameworks */,
				19C28FACFE9D520D11CA2CBB /* Products */,
			);
			name = Grid;
			sourceTree = "<group>";
		};
		29B97315FDCFA39411CA2CEA /* Other Sources */ = {
			isa = PBXGroup;
			children = (
				32CA4F630368D1EE00C91783 /* Grid.pch */,
				29B97316FDCFA39411CA2CEA /* main.m */,
			);
			path = "Other Sources";
			sourceTree = "<group>";
		};
		29B97317FDCFA39411CA2CEA /* Resources */ = {
			isa = PBXGroup;
			children = (
				D4AB67E4143B59D700DC9FF0 /* GridHelp */,
				D4AB67D91435DADE00DC9FF0 /* GRStatusItem.png */,
				D4AB67C91432E2E600DC9FF0 /* Grid.icns */,
				8D1107310486CEB800E47090 /* Info.plist */,
				089C165CFE840E0CC02AAC07 /* InfoPlist.strings */,
				D48BF33C0FCB3AFE00D8ED65 /* GRWindow.xib */,
				1DDD58140DA1D0A300B32029 /* MainMenu.xib */,
			);
			path = Resources;
			sourceTree = "<group>";
		};
		29B97323FDCFA39411CA2CEA /* Frameworks */ = {
			isa = PBXGroup;
			children = (
				D48BF4500FCE2A1500D8ED65 /* Carbon.framework */,
				1058C7A1FEA54F0111CA2CBB /* Cocoa.framework */,
			);
			name = Frameworks;
			sourceTree = "<group>";
		};
		D48BF3080FCB331500D8ED65 /* View */ = {
			isa = PBXGroup;
			children = (
				D48BF3090FCB331500D8ED65 /* GRAreaSelectionView.h */,
				D48BF30A0FCB331500D8ED65 /* GRAreaSelectionView.m */,
			);
			path = View;
			sourceTree = "<group>";
		};
		D48BF3170FCB347800D8ED65 /* Controller */ = {
			isa = PBXGroup;
			children = (
				D48BF3190FCB347800D8ED65 /* GRController.h */,
				D48BF31A0FCB347800D8ED65 /* GRController.m */,
				D4AB67B41431B1FA00DC9FF0 /* GRPreferencesController.h */,
				D4AB67B51431B1FA00DC9FF0 /* GRPreferencesController.m */,
				D4AB67D61435D90E00DC9FF0 /* GRStatusItemController.h */,
				D4AB67D71435D90E00DC9FF0 /* GRStatusItemController.m */,
				D48BF3360FCB389900D8ED65 /* GRWindowController.h */,
				D48BF3370FCB389B00D8ED65 /* GRWindowController.m */,
			);
			path = Controller;
			sourceTree = "<group>";
		};
		D48D18B5144DCBD2005EB872 /* Haxcessibility */ = {
			isa = PBXGroup;
			children = (
				D48D18BA144DCC1D005EB872 /* Classes */,
			);
			path = Haxcessibility;
			sourceTree = "<group>";
		};
		D48D18BA144DCC1D005EB872 /* Classes */ = {
			isa = PBXGroup;
			children = (
				D48D18BB144DCC1D005EB872 /* HAXApplication.h */,
				D48D18BC144DCC1D005EB872 /* HAXApplication.m */,
				D48D18BD144DCC1D005EB872 /* HAXElement+Protected.h */,
				D48D18BE144DCC1D005EB872 /* HAXElement.h */,
				D48D18BF144DCC1D005EB872 /* HAXElement.m */,
				D48D18C0144DCC1D005EB872 /* HAXSystem.h */,
				D48D18C1144DCC1D005EB872 /* HAXSystem.m */,
				D48D18C2144DCC1D005EB872 /* HAXWindow.h */,
				D48D18C3144DCC1D005EB872 /* HAXWindow.m */,
			);
			path = Classes;
			sourceTree = "<group>";
		};
		D48D18CB144DCC6F005EB872 /* ShortcutRecorder */ = {
			isa = PBXGroup;
			children = (
				D48D18CC144DCC6F005EB872 /* Source */,
			);
			path = ShortcutRecorder;
			sourceTree = "<group>";
		};
		D48D18CC144DCC6F005EB872 /* Source */ = {
			isa = PBXGroup;
			children = (
				D48D18CE144DCC6F005EB872 /* SRCommon.h */,
				D48D18CF144DCC6F005EB872 /* SRCommon.m */,
				D48D18D0144DCC6F005EB872 /* SRKeyCodeTransformer.h */,
				D48D18D1144DCC6F005EB872 /* SRKeyCodeTransformer.m */,
				D48D18D2144DCC6F005EB872 /* SRRecorderCell.h */,
				D48D18D3144DCC6F005EB872 /* SRRecorderCell.m */,
				D48D18D4144DCC6F005EB872 /* SRRecorderControl.h */,
				D48D18D5144DCC6F005EB872 /* SRRecorderControl.m */,
				D48D18D6144DCC6F005EB872 /* SRValidator.h */,
				D48D18D7144DCC6F005EB872 /* SRValidator.m */,
			);
			path = Source;
			sourceTree = "<group>";
		};
		D4D2109212D6A92000509E57 /* External */ = {
			isa = PBXGroup;
			children = (
				D48D18B5144DCBD2005EB872 /* Haxcessibility */,
				D48D18CB144DCC6F005EB872 /* ShortcutRecorder */,
			);
			path = External;
			sourceTree = "<group>";
		};
/* End PBXGroup section */

/* Begin PBXNativeTarget section */
		8D1107260486CEB800E47090 /* Grid */ = {
			isa = PBXNativeTarget;
			buildConfigurationList = C01FCF4A08A954540054247B /* Build configuration list for PBXNativeTarget "Grid" */;
			buildPhases = (
				8D11072C0486CEB800E47090 /* Sources */,
				8D11072E0486CEB800E47090 /* Frameworks */,
				8D1107290486CEB800E47090 /* Resources */,
			);
			buildRules = (
			);
			dependencies = (
			);
			name = Grid;
			productInstallPath = "$(HOME)/Applications";
			productName = Grid;
			productReference = 8D1107320486CEB800E47090 /* Grid.app */;
			productType = "com.apple.product-type.application";
		};
/* End PBXNativeTarget section */

/* Begin PBXProject section */
		29B97313FDCFA39411CA2CEA /* Project object */ = {
			isa = PBXProject;
			attributes = {
				LastUpgradeCheck = 0420;
				ORGANIZATIONNAME = "Rob Rix";
			};
			buildConfigurationList = C01FCF4E08A954540054247B /* Build configuration list for PBXProject "Grid" */;
			compatibilityVersion = "Xcode 3.2";
			developmentRegion = English;
			hasScannedForEncodings = 1;
			knownRegions = (
				English,
				Japanese,
				French,
				German,
				de,
				fr,
			);
			mainGroup = 29B97314FDCFA39411CA2CEA /* Grid */;
			projectDirPath = "";
			projectRoot = "";
			targets = (
				8D1107260486CEB800E47090 /* Grid */,
			);
		};
/* End PBXProject section */

/* Begin PBXResourcesBuildPhase section */
		8D1107290486CEB800E47090 /* Resources */ = {
			isa = PBXResourcesBuildPhase;
			buildActionMask = 2147483647;
			files = (
				8D11072B0486CEB800E47090 /* InfoPlist.strings in Resources */,
				1DDD58160DA1D0A300B32029 /* MainMenu.xib in Resources */,
				D48BF33E0FCB3AFE00D8ED65 /* GRWindow.xib in Resources */,
				D4AB67CA1432E2E600DC9FF0 /* Grid.icns in Resources */,
				D4AB67DA1435DADE00DC9FF0 /* GRStatusItem.png in Resources */,
				D4AB67E5143B59D700DC9FF0 /* GridHelp in Resources */,
			);
			runOnlyForDeploymentPostprocessing = 0;
		};
/* End PBXResourcesBuildPhase section */

/* Begin PBXSourcesBuildPhase section */
		8D11072C0486CEB800E47090 /* Sources */ = {
			isa = PBXSourcesBuildPhase;
			buildActionMask = 2147483647;
			files = (
				8D11072D0486CEB800E47090 /* main.m in Sources */,
				D48BF30B0FCB331500D8ED65 /* GRAreaSelectionView.m in Sources */,
				D48BF31C0FCB347800D8ED65 /* GRController.m in Sources */,
				D48BF3380FCB389B00D8ED65 /* GRWindowController.m in Sources */,
				D4AB67B61431B1FA00DC9FF0 /* GRPreferencesController.m in Sources */,
				D4AB67D81435D90E00DC9FF0 /* GRStatusItemController.m in Sources */,
				D48D18C7144DCC1D005EB872 /* HAXApplication.m in Sources */,
				D48D18C8144DCC1D005EB872 /* HAXElement.m in Sources */,
				D48D18C9144DCC1D005EB872 /* HAXSystem.m in Sources */,
				D48D18CA144DCC1D005EB872 /* HAXWindow.m in Sources */,
				D48D18D8144DCC6F005EB872 /* SRCommon.m in Sources */,
				D48D18D9144DCC6F005EB872 /* SRKeyCodeTransformer.m in Sources */,
				D48D18DA144DCC6F005EB872 /* SRRecorderCell.m in Sources */,
				D48D18DB144DCC6F005EB872 /* SRRecorderControl.m in Sources */,
				D48D18DC144DCC6F005EB872 /* SRValidator.m in Sources */,
			);
			runOnlyForDeploymentPostprocessing = 0;
		};
/* End PBXSourcesBuildPhase section */

/* Begin PBXVariantGroup section */
		089C165CFE840E0CC02AAC07 /* InfoPlist.strings */ = {
			isa = PBXVariantGroup;
			children = (
				089C165DFE840E0CC02AAC07 /* English */,
			);
			name = InfoPlist.strings;
			sourceTree = "<group>";
		};
		1DDD58140DA1D0A300B32029 /* MainMenu.xib */ = {
			isa = PBXVariantGroup;
			children = (
				1DDD58150DA1D0A300B32029 /* English */,
				D4AB67E3143B4EE800DC9FF0 /* de */,
				D4AB67E6143C6CEF00DC9FF0 /* fr */,
			);
			name = MainMenu.xib;
			sourceTree = "<group>";
		};
		D48BF33C0FCB3AFE00D8ED65 /* GRWindow.xib */ = {
			isa = PBXVariantGroup;
			children = (
				D48BF33D0FCB3AFE00D8ED65 /* English */,
			);
			name = GRWindow.xib;
			path = ..;
			sourceTree = "<group>";
		};
/* End PBXVariantGroup section */

/* Begin XCBuildConfiguration section */
		C01FCF4B08A954540054247B /* Debug */ = {
			isa = XCBuildConfiguration;
			buildSettings = {
				ALWAYS_SEARCH_USER_PATHS = NO;
				CODE_SIGN_ENTITLEMENTS = Grid.entitlements;
				COPY_PHASE_STRIP = NO;
				GCC_DYNAMIC_NO_PIC = NO;
				GCC_ENABLE_OBJC_GC = required;
				GCC_MODEL_TUNING = G5;
				GCC_OPTIMIZATION_LEVEL = 0;
				INFOPLIST_FILE = Resources/Info.plist;
				INSTALL_PATH = "$(HOME)/Applications";
				MACOSX_DEPLOYMENT_TARGET = 10.6;
				PRODUCT_NAME = Grid;
			};
			name = Debug;
		};
		C01FCF4C08A954540054247B /* Release */ = {
			isa = XCBuildConfiguration;
			buildSettings = {
				ALWAYS_SEARCH_USER_PATHS = NO;
				CODE_SIGN_ENTITLEMENTS = Grid.entitlements;
				DEBUG_INFORMATION_FORMAT = "dwarf-with-dsym";
				GCC_ENABLE_OBJC_GC = required;
				GCC_MODEL_TUNING = G5;
				INFOPLIST_FILE = Resources/Info.plist;
				INSTALL_PATH = "$(HOME)/Applications";
				MACOSX_DEPLOYMENT_TARGET = 10.6;
				PRODUCT_NAME = Grid;
			};
			name = Release;
		};
		C01FCF4F08A954540054247B /* Debug */ = {
			isa = XCBuildConfiguration;
			buildSettings = {
				ARCHS = "$(ARCHS_STANDARD_32_64_BIT)";
				GCC_C_LANGUAGE_STANDARD = c99;
				GCC_INCREASE_PRECOMPILED_HEADER_SHARING = YES;
				GCC_OPTIMIZATION_LEVEL = 0;
				GCC_PRECOMPILE_PREFIX_HEADER = YES;
				GCC_PREFIX_HEADER = "Other Sources/Grid.pch";
				GCC_PREPROCESSOR_DEFINITIONS = NS_BUILD_32_LIKE_64;
				GCC_WARN_ABOUT_RETURN_TYPE = YES;
				GCC_WARN_UNUSED_VARIABLE = YES;
				ONLY_ACTIVE_ARCH = YES;
				SDKROOT = macosx;
			};
			name = Debug;
		};
		C01FCF5008A954540054247B /* Release */ = {
			isa = XCBuildConfiguration;
			buildSettings = {
				ARCHS = "$(ARCHS_STANDARD_32_64_BIT)";
				GCC_C_LANGUAGE_STANDARD = c99;
				GCC_INCREASE_PRECOMPILED_HEADER_SHARING = YES;
				GCC_PRECOMPILE_PREFIX_HEADER = YES;
				GCC_PREFIX_HEADER = "Other Sources/Grid.pch";
				GCC_PREPROCESSOR_DEFINITIONS = NS_BUILD_32_LIKE_64;
				GCC_WARN_ABOUT_RETURN_TYPE = YES;
				GCC_WARN_UNUSED_VARIABLE = YES;
				SDKROOT = macosx;
			};
			name = Release;
		};
		D4AFE92716A5002600C34693 /* Gatekeeper */ = {
			isa = XCBuildConfiguration;
			buildSettings = {
				ARCHS = "$(ARCHS_STANDARD_32_64_BIT)";
				GCC_C_LANGUAGE_STANDARD = c99;
				GCC_INCREASE_PRECOMPILED_HEADER_SHARING = YES;
				GCC_PRECOMPILE_PREFIX_HEADER = YES;
				GCC_PREFIX_HEADER = "Other Sources/Grid.pch";
				GCC_PREPROCESSOR_DEFINITIONS = NS_BUILD_32_LIKE_64;
				GCC_WARN_ABOUT_RETURN_TYPE = YES;
				GCC_WARN_UNUSED_VARIABLE = YES;
				SDKROOT = macosx;
			};
			name = Gatekeeper;
		};
		D4AFE92816A5002600C34693 /* Gatekeeper */ = {
			isa = XCBuildConfiguration;
			buildSettings = {
				ALWAYS_SEARCH_USER_PATHS = NO;
				CODE_SIGN_ENTITLEMENTS = Grid.entitlements;
				DEBUG_INFORMATION_FORMAT = "dwarf-with-dsym";
				GCC_ENABLE_OBJC_GC = required;
				GCC_MODEL_TUNING = G5;
				INFOPLIST_FILE = Resources/Info.plist;
				INSTALL_PATH = "$(HOME)/Applications";
				MACOSX_DEPLOYMENT_TARGET = 10.6;
				PRODUCT_NAME = Grid;
				PROVISIONING_PROFILE = "";
			};
			name = Gatekeeper;
		};
/* End XCBuildConfiguration section */

/* Begin XCConfigurationList section */
		C01FCF4A08A954540054247B /* Build configuration list for PBXNativeTarget "Grid" */ = {
			isa = XCConfigurationList;
			buildConfigurations = (
				C01FCF4B08A954540054247B /* Debug */,
				C01FCF4C08A954540054247B /* Release */,
				D4AFE92816A5002600C34693 /* Gatekeeper */,
			);
			defaultConfigurationIsVisible = 0;
			defaultConfigurationName = Release;
		};
		C01FCF4E08A954540054247B /* Build configuration list for PBXProject "Grid" */ = {
			isa = XCConfigurationList;
			buildConfigurations = (
				C01FCF4F08A954540054247B /* Debug */,
				C01FCF5008A954540054247B /* Release */,
				D4AFE92716A5002600C34693 /* Gatekeeper */,
			);
			defaultConfigurationIsVisible = 0;
			defaultConfigurationName = Release;
		};
/* End XCConfigurationList section */
	};
	rootObject = 29B97313FDCFA39411CA2CEA /* Project object */;
}
